
Microsoft Visual Studio Solution File, Format Version 12.00
# Visual Studio Version 17
VisualStudioVersion = 17.14.36202.13 d17.14
MinimumVisualStudioVersion = 10.0.40219.1
Project("{54A90642-561A-4BB1-A94E-469ADEE60C69}") = "Navigate.client", "Navigate\navigate.client\Navigate.client.esproj", "{1B3B7659-B04B-3959-A503-E6AF7F8B8BF0}"
EndProject
Project("{FAE04EC0-301F-11D3-BF4B-00C04F79EFBC}") = "Navigate.Server", "Navigate\Navigate.Server\Navigate.Server.csproj", "{68E27B8C-EFEC-47A6-AFC1-2E43C373A240}"
EndProject
Project("{FAE04EC0-301F-11D3-BF4B-00C04F79EFBC}") = "Navigate.Domain", "Navigate\Navigate.Domain\Navigate.Domain.csproj", "{7BDBD6E0-F52F-4014-B781-BCC59D305EF0}"
EndProject
Project("{FAE04EC0-301F-11D3-BF4B-00C04F79EFBC}") = "Navigate.Application", "Navigate\Navigate.Application\Navigate.Application.csproj", "{EE527B52-0178-45D4-9BDD-961126561338}"
EndProject
Project("{FAE04EC0-301F-11D3-BF4B-00C04F79EFBC}") = "Navigate.Infrastructure", "Navigate\Navigate.Infrastructure\Navigate.Infrastructure.csproj", "{D8F1F320-06B2-41EF-9748-5DD23CB01575}"
EndProject
Global
	GlobalSection(SolutionConfigurationPlatforms) = preSolution
		Debug|Any CPU = Debug|Any CPU
		Release|Any CPU = Release|Any CPU
	EndGlobalSection
	GlobalSection(ProjectConfigurationPlatforms) = postSolution
		{1B3B7659-B04B-3959-A503-E6AF7F8B8BF0}.Debug|Any CPU.ActiveCfg = Debug|Any CPU
		{1B3B7659-B04B-3959-A503-E6AF7F8B8BF0}.Debug|Any CPU.Build.0 = Debug|Any CPU
		{1B3B7659-B04B-3959-A503-E6AF7F8B8BF0}.Debug|Any CPU.Deploy.0 = Debug|Any CPU
		{1B3B7659-B04B-3959-A503-E6AF7F8B8BF0}.Release|Any CPU.ActiveCfg = Release|Any CPU
		{1B3B7659-B04B-3959-A503-E6AF7F8B8BF0}.Release|Any CPU.Build.0 = Release|Any CPU
		{1B3B7659-B04B-3959-A503-E6AF7F8B8BF0}.Release|Any CPU.Deploy.0 = Release|Any CPU
		{68E27B8C-EFEC-47A6-AFC1-2E43C373A240}.Debug|Any CPU.ActiveCfg = Debug|Any CPU
		{68E27B8C-EFEC-47A6-AFC1-2E43C373A240}.Debug|Any CPU.Build.0 = Debug|Any CPU
		{68E27B8C-EFEC-47A6-AFC1-2E43C373A240}.Release|Any CPU.ActiveCfg = Release|Any CPU
		{68E27B8C-EFEC-47A6-AFC1-2E43C373A240}.Release|Any CPU.Build.0 = Release|Any CPU
		{7BDBD6E0-F52F-4014-B781-BCC59D305EF0}.Debug|Any CPU.ActiveCfg = Debug|Any CPU
		{7BDBD6E0-F52F-4014-B781-BCC59D305EF0}.Debug|Any CPU.Build.0 = Debug|Any CPU
		{7BDBD6E0-F52F-4014-B781-BCC59D305EF0}.Release|Any CPU.ActiveCfg = Release|Any CPU
		{7BDBD6E0-F52F-4014-B781-BCC59D305EF0}.Release|Any CPU.Build.0 = Release|Any CPU
		{EE527B52-0178-45D4-9BDD-961126561338}.Debug|Any CPU.ActiveCfg = Debug|Any CPU
		{EE527B52-0178-45D4-9BDD-961126561338}.Debug|Any CPU.Build.0 = Debug|Any CPU
		{EE527B52-0178-45D4-9BDD-961126561338}.Release|Any CPU.ActiveCfg = Release|Any CPU
		{EE527B52-0178-45D4-9BDD-961126561338}.Release|Any CPU.Build.0 = Release|Any CPU
		{D8F1F320-06B2-41EF-9748-5DD23CB01575}.Debug|Any CPU.ActiveCfg = Debug|Any CPU
		{D8F1F320-06B2-41EF-9748-5DD23CB01575}.Debug|Any CPU.Build.0 = Debug|Any CPU
		{D8F1F320-06B2-41EF-9748-5DD23CB01575}.Release|Any CPU.ActiveCfg = Release|Any CPU
		{D8F1F320-06B2-41EF-9748-5DD23CB01575}.Release|Any CPU.Build.0 = Release|Any CPU
	EndGlobalSection
	GlobalSection(SolutionProperties) = preSolution
		HideSolutionNode = FALSE
	EndGlobalSection
	GlobalSection(ExtensibilityGlobals) = postSolution
		SolutionGuid = {2740A78B-3F12-4535-9107-B2016C71BC20}
	EndGlobalSection
EndGlobal
